{
  "pins" : [
    {
      "identity" : "template.swift",
      "kind" : "remoteSourceControl",
      "location" : "https://github.com/tomieq/Template.swift.git",
      "state" : {
        "revision" : "27fa5124121e70c9b604969e4f0eb1afc3ee6066",
        "version" : "1.5.1"
      }
    }
  ],
  "version" : 2
}
