{
  "pins" : [
    {
      "identity" : "template.swift",
      "kind" : "remoteSourceControl",
      "location" : "https://github.com/tomieq/Template.swift.git",
      "state" : {
        "revision" : "9d6716e77d5ea8cb9e7514ea44ed41431971bd73",
        "version" : "1.3.1"
      }
    }
  ],
  "version" : 2
}
