{
  "pins" : [
    {
      "identity" : "template.swift",
      "kind" : "remoteSourceControl",
      "location" : "https://github.com/tomieq/Template.swift.git",
      "state" : {
        "revision" : "302854a17e2f38ba6a9cb79a46689884a44b5f70",
        "version" : "1.6.0"
      }
    }
  ],
  "version" : 2
}
